lockfileVersion: '9.0'

settings:
  autoInstallPeers: true
  excludeLinksFromLockfile: false

importers:

  .:
    dependencies:
      '@hono/node-server':
        specifier: ^1.14.4
        version: 1.14.4(hono@4.7.11)
      hono:
        specifier: ^4.7.11
        version: 4.7.11
      uuid:
        specifier: ^11.1.0
        version: 11.1.0
    devDependencies:
      '@types/node':
        specifier: ^24.0.1
        version: 24.0.1
      dev:
        specifier: ^0.1.3
        version: 0.1.3
      typescript:
        specifier: ^5.8.3
        version: 5.8.3

packages:

  '@hono/node-server@1.14.4':
    resolution: {integrity: sha512-DnxpshhYewr2q9ZN8ez/M5mmc3sucr8CT1sIgIy1bkeUXut9XWDkqHoFHRhWIQgkYnKpVRxunyhK7WzpJeJ6qQ==}
    engines: {node: '>=18.14.1'}
    peerDependencies:
      hono: ^4

  '@types/node@24.0.1':
    resolution: {integrity: sha512-MX4Zioh39chHlDJbKmEgydJDS3tspMP/lnQC67G3SWsTnb9NeYVWOjkxpOSy4oMfPs4StcWHwBrvUb4ybfnuaw==}

  bindings@1.5.0:
    resolution: {integrity: sha512-p2q/t/mhvuOj/UeLlV6566GD/guowlr0hHxClI0W9m7MWYkL1F0hLo+0Aexs9HSPCtR1SXQ0TD3MMKrXZajbiQ==}

  dev@0.1.3:
    resolution: {integrity: sha512-flCHQwAkXk3+1up/wo93Ms9E5Wf9K28ZGA7Oz55nBZ8OTdPPhyvZrwsT+twtySTFHIwv0w9CUNtagZgu1MgzXQ==}
    hasBin: true

  file-uri-to-path@1.0.0:
    resolution: {integrity: sha512-0Zt+s3L7Vf1biwWZ29aARiVYLx7iMGnEUl9x33fbB/j3jR81u/O2LbqK+Bm1CDSNDKVtJ/YjwY7TUd5SkeLQLw==}

  hono@4.7.11:
    resolution: {integrity: sha512-rv0JMwC0KALbbmwJDEnxvQCeJh+xbS3KEWW5PC9cMJ08Ur9xgatI0HmtgYZfOdOSOeYsp5LO2cOhdI8cLEbDEQ==}
    engines: {node: '>=16.9.0'}

  inotify@1.4.6:
    resolution: {integrity: sha512-WW8/uqIA04O3AePQVe/Ms3ZLR0yGamaz8YOEpaXc4WBAGOPZfzu58wWErEPSUYaPyDrJRIeCn6PEIQgC1ZyQ5w==}
    engines: {node: '>=0.8'}
    os: [linux]

  nan@2.22.2:
    resolution: {integrity: sha512-DANghxFkS1plDdRsX0X9pm0Z6SJNN6gBdtXfanwoZ8hooC5gosGFSBGRYHUVPz1asKA/kMRqDRdHrluZ61SpBQ==}

  typescript@5.8.3:
    resolution: {integrity: sha512-p1diW6TqL9L07nNxvRMM7hMMw4c5XOo/1ibL4aAIGmSAt9slTE1Xgw5KWuof2uTOvCg9BY7ZRi+GaF+7sfgPeQ==}
    engines: {node: '>=14.17'}
    hasBin: true

  undici-types@7.8.0:
    resolution: {integrity: sha512-9UJ2xGDvQ43tYyVMpuHlsgApydB8ZKfVYTsLDhXkFL/6gfkp+U8xTGdh8pMJv1SpZna0zxG1DwsKZsreLbXBxw==}

  uuid@11.1.0:
    resolution: {integrity: sha512-0/A9rDy9P7cJ+8w1c9WD9V//9Wj15Ce2MPz8Ri6032usz+NfePxx5AcN3bN+r6ZL6jEo066/yNYB3tn4pQEx+A==}
    hasBin: true

snapshots:

  '@hono/node-server@1.14.4(hono@4.7.11)':
    dependencies:
      hono: 4.7.11

  '@types/node@24.0.1':
    dependencies:
      undici-types: 7.8.0

  bindings@1.5.0:
    dependencies:
      file-uri-to-path: 1.0.0

  dev@0.1.3:
    dependencies:
      inotify: 1.4.6

  file-uri-to-path@1.0.0: {}

  hono@4.7.11: {}

  inotify@1.4.6:
    dependencies:
      bindings: 1.5.0
      nan: 2.22.2

  nan@2.22.2: {}

  typescript@5.8.3: {}

  undici-types@7.8.0: {}

  uuid@11.1.0: {}
